
Microsoft Visual Studio Solution File, Format Version 12.00
# Visual Studio Version 17
VisualStudioVersion = 17.7.34202.233
MinimumVisualStudioVersion = 10.0.40219.1
Project("{FAE04EC0-301F-11D3-BF4B-00C04F79EFBC}") = "Depot", "Depot\Depot.csproj", "{DA9BC97E-5EC2-47FC-A847-E9E1B96D1FF4}"
EndProject
Global
	GlobalSection(SolutionConfigurationPlatforms) = preSolution
		Debug|Any CPU = Debug|Any CPU
		Release|Any CPU = Release|Any CPU
	EndGlobalSection
	GlobalSection(ProjectConfigurationPlatforms) = postSolution
		{DA9BC97E-5EC2-47FC-A847-E9E1B96D1FF4}.Debug|Any CPU.ActiveCfg = Debug|Any CPU
		{DA9BC97E-5EC2-47FC-A847-E9E1B96D1FF4}.Debug|Any CPU.Build.0 = Debug|Any CPU
		{DA9BC97E-5EC2-47FC-A847-E9E1B96D1FF4}.Release|Any CPU.ActiveCfg = Release|Any CPU
		{DA9BC97E-5EC2-47FC-A847-E9E1B96D1FF4}.Release|Any CPU.Build.0 = Release|Any CPU
	EndGlobalSection
	GlobalSection(SolutionProperties) = preSolution
		HideSolutionNode = FALSE
	EndGlobalSection
	GlobalSection(ExtensibilityGlobals) = postSolution
		SolutionGuid = {7F62E60E-F859-4C4E-9B1E-F1A830813239}
	EndGlobalSection
EndGlobal
